
Microsoft Visual Studio Solution File, Format Version 12.00
# Visual Studio Version 16
VisualStudioVersion = 16.0.31702.278
MinimumVisualStudioVersion = 10.0.40219.1
Project("{FAE04EC0-301F-11D3-BF4B-00C04F79EFBC}") = "aditionalTask", "aditionalTask\aditionalTask.csproj", "{05119EB9-4BE5-41EE-B352-3823E101E82B}"
EndProject
Project("{FAE04EC0-301F-11D3-BF4B-00C04F79EFBC}") = "Task2", "Task2\Task2.csproj", "{BFA11403-E0AF-45C5-A93F-41B76875EA45}"
EndProject
Global
	GlobalSection(SolutionConfigurationPlatforms) = preSolution
		Debug|Any CPU = Debug|Any CPU
		Release|Any CPU = Release|Any CPU
	EndGlobalSection
	GlobalSection(ProjectConfigurationPlatforms) = postSolution
		{05119EB9-4BE5-41EE-B352-3823E101E82B}.Debug|Any CPU.ActiveCfg = Debug|Any CPU
		{05119EB9-4BE5-41EE-B352-3823E101E82B}.Debug|Any CPU.Build.0 = Debug|Any CPU
		{05119EB9-4BE5-41EE-B352-3823E101E82B}.Release|Any CPU.ActiveCfg = Release|Any CPU
		{05119EB9-4BE5-41EE-B352-3823E101E82B}.Release|Any CPU.Build.0 = Release|Any CPU
		{BFA11403-E0AF-45C5-A93F-41B76875EA45}.Debug|Any CPU.ActiveCfg = Debug|Any CPU
		{BFA11403-E0AF-45C5-A93F-41B76875EA45}.Debug|Any CPU.Build.0 = Debug|Any CPU
		{BFA11403-E0AF-45C5-A93F-41B76875EA45}.Release|Any CPU.ActiveCfg = Release|Any CPU
		{BFA11403-E0AF-45C5-A93F-41B76875EA45}.Release|Any CPU.Build.0 = Release|Any CPU
	EndGlobalSection
	GlobalSection(SolutionProperties) = preSolution
		HideSolutionNode = FALSE
	EndGlobalSection
	GlobalSection(ExtensibilityGlobals) = postSolution
		SolutionGuid = {D5BF020E-B15E-4A04-B12F-4C39230D7F2B}
	EndGlobalSection
EndGlobal
